
Microsoft Visual Studio Solution File, Format Version 12.00
# Visual Studio Version 17
VisualStudioVersion = 17.0.31903.59
MinimumVisualStudioVersion = 10.0.40219.1
Project("{FAE04EC0-301F-11D3-BF4B-00C04F79EFBC}") = "CoverletDemo.Core", "CoverletDemo.Core\CoverletDemo.Core.csproj", "{F8847AC9-B82E-4283-9D0B-D4C887C55FDC}"
EndProject
Project("{FAE04EC0-301F-11D3-BF4B-00C04F79EFBC}") = "CoverletDemo.Tests", "CoverletDemo.Tests\CoverletDemo.Tests.csproj", "{44F75FE6-D14D-460C-9CEA-13CDB66C1867}"
EndProject
Global
	GlobalSection(SolutionConfigurationPlatforms) = preSolution
		Debug|Any CPU = Debug|Any CPU
		Release|Any CPU = Release|Any CPU
	EndGlobalSection
	GlobalSection(SolutionProperties) = preSolution
		HideSolutionNode = FALSE
	EndGlobalSection
	GlobalSection(ProjectConfigurationPlatforms) = postSolution
		{F8847AC9-B82E-4283-9D0B-D4C887C55FDC}.Debug|Any CPU.ActiveCfg = Debug|Any CPU
		{F8847AC9-B82E-4283-9D0B-D4C887C55FDC}.Debug|Any CPU.Build.0 = Debug|Any CPU
		{F8847AC9-B82E-4283-9D0B-D4C887C55FDC}.Release|Any CPU.ActiveCfg = Release|Any CPU
		{F8847AC9-B82E-4283-9D0B-D4C887C55FDC}.Release|Any CPU.Build.0 = Release|Any CPU
		{44F75FE6-D14D-460C-9CEA-13CDB66C1867}.Debug|Any CPU.ActiveCfg = Debug|Any CPU
		{44F75FE6-D14D-460C-9CEA-13CDB66C1867}.Debug|Any CPU.Build.0 = Debug|Any CPU
		{44F75FE6-D14D-460C-9CEA-13CDB66C1867}.Release|Any CPU.ActiveCfg = Release|Any CPU
		{44F75FE6-D14D-460C-9CEA-13CDB66C1867}.Release|Any CPU.Build.0 = Release|Any CPU
	EndGlobalSection
EndGlobal
